
Microsoft Visual Studio Solution File, Format Version 12.00
# Visual Studio Version 17
VisualStudioVersion = 17.0.31903.59
MinimumVisualStudioVersion = 10.0.40219.1
Project("{FAE04EC0-301F-11D3-BF4B-00C04F79EFBC}") = "MeuProjeto", "MeuProjeto\MeuProjeto.csproj", "{8894A28D-32A1-4299-A30C-C45447FB2CF1}"
EndProject
Project("{FAE04EC0-301F-11D3-BF4B-00C04F79EFBC}") = "QuestaoQuatro", "QuestaoQuatro\QuestaoQuatro.csproj", "{1D892D3A-71F5-4136-AED3-69580EF3C049}"
EndProject
Project("{FAE04EC0-301F-11D3-BF4B-00C04F79EFBC}") = "QuestaoTres", "QuestaoTres\QuestaoTres.csproj", "{FA62AC2A-A5AA-4AEA-BE60-8D05AB10D43C}"
EndProject
Project("{FAE04EC0-301F-11D3-BF4B-00C04F79EFBC}") = "QuestaoUm", "QuestaoUm\QuestaoUm.csproj", "{AAE71DF7-E6C7-4FB9-B623-80D27E0C31AA}"
EndProject
Global
	GlobalSection(SolutionConfigurationPlatforms) = preSolution
		Debug|Any CPU = Debug|Any CPU
		Release|Any CPU = Release|Any CPU
	EndGlobalSection
	GlobalSection(SolutionProperties) = preSolution
		HideSolutionNode = FALSE
	EndGlobalSection
	GlobalSection(ProjectConfigurationPlatforms) = postSolution
		{8894A28D-32A1-4299-A30C-C45447FB2CF1}.Debug|Any CPU.ActiveCfg = Debug|Any CPU
		{8894A28D-32A1-4299-A30C-C45447FB2CF1}.Debug|Any CPU.Build.0 = Debug|Any CPU
		{8894A28D-32A1-4299-A30C-C45447FB2CF1}.Release|Any CPU.ActiveCfg = Release|Any CPU
		{8894A28D-32A1-4299-A30C-C45447FB2CF1}.Release|Any CPU.Build.0 = Release|Any CPU
		{1D892D3A-71F5-4136-AED3-69580EF3C049}.Debug|Any CPU.ActiveCfg = Debug|Any CPU
		{1D892D3A-71F5-4136-AED3-69580EF3C049}.Debug|Any CPU.Build.0 = Debug|Any CPU
		{1D892D3A-71F5-4136-AED3-69580EF3C049}.Release|Any CPU.ActiveCfg = Release|Any CPU
		{1D892D3A-71F5-4136-AED3-69580EF3C049}.Release|Any CPU.Build.0 = Release|Any CPU
		{FA62AC2A-A5AA-4AEA-BE60-8D05AB10D43C}.Debug|Any CPU.ActiveCfg = Debug|Any CPU
		{FA62AC2A-A5AA-4AEA-BE60-8D05AB10D43C}.Debug|Any CPU.Build.0 = Debug|Any CPU
		{FA62AC2A-A5AA-4AEA-BE60-8D05AB10D43C}.Release|Any CPU.ActiveCfg = Release|Any CPU
		{FA62AC2A-A5AA-4AEA-BE60-8D05AB10D43C}.Release|Any CPU.Build.0 = Release|Any CPU
		{AAE71DF7-E6C7-4FB9-B623-80D27E0C31AA}.Debug|Any CPU.ActiveCfg = Debug|Any CPU
		{AAE71DF7-E6C7-4FB9-B623-80D27E0C31AA}.Debug|Any CPU.Build.0 = Debug|Any CPU
		{AAE71DF7-E6C7-4FB9-B623-80D27E0C31AA}.Release|Any CPU.ActiveCfg = Release|Any CPU
		{AAE71DF7-E6C7-4FB9-B623-80D27E0C31AA}.Release|Any CPU.Build.0 = Release|Any CPU
	EndGlobalSection
EndGlobal
